
Microsoft Visual Studio Solution File, Format Version 12.00
# Visual Studio Version 16
VisualStudioVersion = 16.0.32228.343
MinimumVisualStudioVersion = 10.0.40219.1
Project("{9A19103F-16F7-4668-BE54-9A1E7A4F7556}") = "Interface", "Interface\Interface.csproj", "{2CA7FA91-1B22-4674-9FF8-C4A81FF49068}"
EndProject
Global
	GlobalSection(SolutionConfigurationPlatforms) = preSolution
		Debug|Any CPU = Debug|Any CPU
		PostGress|Any CPU = PostGress|Any CPU
		Release|Any CPU = Release|Any CPU
	EndGlobalSection
	GlobalSection(ProjectConfigurationPlatforms) = postSolution
		{2CA7FA91-1B22-4674-9FF8-C4A81FF49068}.Debug|Any CPU.ActiveCfg = Debug|Any CPU
		{2CA7FA91-1B22-4674-9FF8-C4A81FF49068}.Debug|Any CPU.Build.0 = Debug|Any CPU
		{2CA7FA91-1B22-4674-9FF8-C4A81FF49068}.PostGress|Any CPU.ActiveCfg = PostGress|Any CPU
		{2CA7FA91-1B22-4674-9FF8-C4A81FF49068}.PostGress|Any CPU.Build.0 = PostGress|Any CPU
		{2CA7FA91-1B22-4674-9FF8-C4A81FF49068}.Release|Any CPU.ActiveCfg = Release|Any CPU
		{2CA7FA91-1B22-4674-9FF8-C4A81FF49068}.Release|Any CPU.Build.0 = Release|Any CPU
	EndGlobalSection
	GlobalSection(SolutionProperties) = preSolution
		HideSolutionNode = FALSE
	EndGlobalSection
	GlobalSection(ExtensibilityGlobals) = postSolution
		SolutionGuid = {8C816197-FEFC-4FA0-A0C8-55D0CC1534F5}
	EndGlobalSection
EndGlobal
